
Microsoft Visual Studio Solution File, Format Version 12.00
# Visual Studio Version 17
VisualStudioVersion = 17.3.32929.385
MinimumVisualStudioVersion = 10.0.40219.1
Project("{FAE04EC0-301F-11D3-BF4B-00C04F79EFBC}") = "project1", "project1\project1.csproj", "{8DB8BDB6-B4A0-4799-9C52-487C9AA187EE}"
EndProject
Global
	GlobalSection(SolutionConfigurationPlatforms) = preSolution
		Debug|Any CPU = Debug|Any CPU
		Release|Any CPU = Release|Any CPU
	EndGlobalSection
	GlobalSection(ProjectConfigurationPlatforms) = postSolution
		{8DB8BDB6-B4A0-4799-9C52-487C9AA187EE}.Debug|Any CPU.ActiveCfg = Debug|Any CPU
		{8DB8BDB6-B4A0-4799-9C52-487C9AA187EE}.Debug|Any CPU.Build.0 = Debug|Any CPU
		{8DB8BDB6-B4A0-4799-9C52-487C9AA187EE}.Release|Any CPU.ActiveCfg = Release|Any CPU
		{8DB8BDB6-B4A0-4799-9C52-487C9AA187EE}.Release|Any CPU.Build.0 = Release|Any CPU
	EndGlobalSection
	GlobalSection(SolutionProperties) = preSolution
		HideSolutionNode = FALSE
	EndGlobalSection
	GlobalSection(ExtensibilityGlobals) = postSolution
		SolutionGuid = {060C9BC4-6422-4777-A440-CD382E15A2B8}
	EndGlobalSection
EndGlobal
